
Microsoft Visual Studio Solution File, Format Version 12.00
# Visual Studio Version 17
VisualStudioVersion = 17.5.2.0
MinimumVisualStudioVersion = 10.0.40219.1
Project("{2150E333-8FDC-42A3-9474-1A3956D46DE8}") = "src", "src", "{827E0CD3-B72D-47B6-A68D-7590B98EB39B}"
EndProject
Project("{FAE04EC0-301F-11D3-BF4B-00C04F79EFBC}") = "OpenApiMcp", "src\OpenApiMcp\OpenApiMcp.csproj", "{4CA67C73-B994-8C96-F1D0-8D84E8137530}"
EndProject
Project("{2150E333-8FDC-42A3-9474-1A3956D46DE8}") = "tests", "tests", "{0AB3BF05-4346-4AA6-1389-037BE0695223}"
EndProject
Project("{FAE04EC0-301F-11D3-BF4B-00C04F79EFBC}") = "OpenApiMcp.IntegrationTests", "tests\OpenApiMcp.IntegrationTests\OpenApiMcp.IntegrationTests.csproj", "{5B0BA3C6-C6AD-4959-BF86-42DC0297EEB3}"
EndProject
Global
	GlobalSection(SolutionConfigurationPlatforms) = preSolution
		Debug|Any CPU = Debug|Any CPU
		Debug|x64 = Debug|x64
		Debug|x86 = Debug|x86
		Release|Any CPU = Release|Any CPU
		Release|x64 = Release|x64
		Release|x86 = Release|x86
	EndGlobalSection
	GlobalSection(ProjectConfigurationPlatforms) = postSolution
		{4CA67C73-B994-8C96-F1D0-8D84E8137530}.Debug|Any CPU.ActiveCfg = Debug|Any CPU
		{4CA67C73-B994-8C96-F1D0-8D84E8137530}.Debug|Any CPU.Build.0 = Debug|Any CPU
		{4CA67C73-B994-8C96-F1D0-8D84E8137530}.Debug|x64.ActiveCfg = Debug|Any CPU
		{4CA67C73-B994-8C96-F1D0-8D84E8137530}.Debug|x64.Build.0 = Debug|Any CPU
		{4CA67C73-B994-8C96-F1D0-8D84E8137530}.Debug|x86.ActiveCfg = Debug|Any CPU
		{4CA67C73-B994-8C96-F1D0-8D84E8137530}.Debug|x86.Build.0 = Debug|Any CPU
		{4CA67C73-B994-8C96-F1D0-8D84E8137530}.Release|Any CPU.ActiveCfg = Release|Any CPU
		{4CA67C73-B994-8C96-F1D0-8D84E8137530}.Release|Any CPU.Build.0 = Release|Any CPU
		{4CA67C73-B994-8C96-F1D0-8D84E8137530}.Release|x64.ActiveCfg = Release|Any CPU
		{4CA67C73-B994-8C96-F1D0-8D84E8137530}.Release|x64.Build.0 = Release|Any CPU
		{4CA67C73-B994-8C96-F1D0-8D84E8137530}.Release|x86.ActiveCfg = Release|Any CPU
		{4CA67C73-B994-8C96-F1D0-8D84E8137530}.Release|x86.Build.0 = Release|Any CPU
		{5B0BA3C6-C6AD-4959-BF86-42DC0297EEB3}.Debug|Any CPU.ActiveCfg = Debug|Any CPU
		{5B0BA3C6-C6AD-4959-BF86-42DC0297EEB3}.Debug|Any CPU.Build.0 = Debug|Any CPU
		{5B0BA3C6-C6AD-4959-BF86-42DC0297EEB3}.Debug|x64.ActiveCfg = Debug|Any CPU
		{5B0BA3C6-C6AD-4959-BF86-42DC0297EEB3}.Debug|x64.Build.0 = Debug|Any CPU
		{5B0BA3C6-C6AD-4959-BF86-42DC0297EEB3}.Debug|x86.ActiveCfg = Debug|Any CPU
		{5B0BA3C6-C6AD-4959-BF86-42DC0297EEB3}.Debug|x86.Build.0 = Debug|Any CPU
		{5B0BA3C6-C6AD-4959-BF86-42DC0297EEB3}.Release|Any CPU.ActiveCfg = Release|Any CPU
		{5B0BA3C6-C6AD-4959-BF86-42DC0297EEB3}.Release|Any CPU.Build.0 = Release|Any CPU
		{5B0BA3C6-C6AD-4959-BF86-42DC0297EEB3}.Release|x64.ActiveCfg = Release|Any CPU
		{5B0BA3C6-C6AD-4959-BF86-42DC0297EEB3}.Release|x64.Build.0 = Release|Any CPU
		{5B0BA3C6-C6AD-4959-BF86-42DC0297EEB3}.Release|x86.ActiveCfg = Release|Any CPU
		{5B0BA3C6-C6AD-4959-BF86-42DC0297EEB3}.Release|x86.Build.0 = Release|Any CPU
	EndGlobalSection
	GlobalSection(SolutionProperties) = preSolution
		HideSolutionNode = FALSE
	EndGlobalSection
	GlobalSection(NestedProjects) = preSolution
		{4CA67C73-B994-8C96-F1D0-8D84E8137530} = {827E0CD3-B72D-47B6-A68D-7590B98EB39B}
		{5B0BA3C6-C6AD-4959-BF86-42DC0297EEB3} = {0AB3BF05-4346-4AA6-1389-037BE0695223}
	EndGlobalSection
	GlobalSection(ExtensibilityGlobals) = postSolution
		SolutionGuid = {8E149560-7BEF-41DF-8CBF-B749EF52B38C}
	EndGlobalSection
EndGlobal
